<?xml version="1.0" encoding="utf-8"?>
<Project ToolsVersion="4.0" xmlns="http://schemas.microsoft.com/developer/msbuild/2003">
  <ItemGroup>
    <Filter Include="Source Files">
      <UniqueIdentifier>{4FC737F1-C7A5-4376-A066-2A32D752A2FF}</UniqueIdentifier>
      <Extensions>qml;cpp;c;cc;cxx;def;odl;idl;hpj;bat;asm;asmx</Extensions>
    </Filter>
    <Filter Include="Header Files">
      <UniqueIdentifier>{93995380-89BD-4b04-88EB-625FBE52EBFB}</UniqueIdentifier>
      <Extensions>h;hh;hpp;hxx;hm;inl;inc;xsd</Extensions>
    </Filter>
    <Filter Include="Resource Files">
      <UniqueIdentifier>{67DA6AB6-F800-4c08-8B7A-83BB121AAD01}</UniqueIdentifier>
      <Extensions>qrc;rc;ico;cur;bmp;dlg;rc2;rct;bin;rgs;gif;jpg;jpeg;jpe;resx;tiff;tif;png;wav;mfcribbon-ms</Extensions>
    </Filter>
    <Filter Include="Form Files">
      <UniqueIdentifier>{99349809-55BA-4b9d-BF79-8FDBB0286EB3}</UniqueIdentifier>
      <Extensions>ui</Extensions>
    </Filter>
    <Filter Include="Translation Files">
      <UniqueIdentifier>{639EADAA-A684-42e4-A9AD-28FC9BCB8F7C}</UniqueIdentifier>
      <Extensions>ts</Extensions>
    </Filter>
    <Filter Include="Utils">
      <UniqueIdentifier>{5df4fb7f-74e1-49ec-acad-ec8f6b4d694c}</UniqueIdentifier>
    </Filter>
    <Filter Include="Utils\FileDownloader">
      <UniqueIdentifier>{29ed332f-54ba-41db-a0b3-17a49c92db96}</UniqueIdentifier>
    </Filter>
    <Filter Include="Utils\WordUrlParser">
      <UniqueIdentifier>{af20671e-5dbb-4e89-86c8-44fa91998678}</UniqueIdentifier>
    </Filter>
  </ItemGroup>
  <ItemGroup>
    <QtRcc Include="QtEnglishPronouncing.qrc">
      <Filter>Resource Files</Filter>
    </QtRcc>
    <QtUic Include="QtEnglishPronouncing.ui">
      <Filter>Form Files</Filter>
    </QtUic>
    <QtMoc Include="QtEnglishPronouncing.h">
      <Filter>Header Files</Filter>
    </QtMoc>
    <ClCompile Include="QtEnglishPronouncing.cpp">
      <Filter>Source Files</Filter>
    </ClCompile>
  </ItemGroup>
  <ItemGroup>
    <ClCompile Include="main.cpp">
      <Filter>Source Files</Filter>
    </ClCompile>
    <ClCompile Include="FileDownloader.cpp">
      <Filter>Utils\FileDownloader</Filter>
    </ClCompile>
    <ClCompile Include="WordUrlParser.cpp">
      <Filter>Utils\WordUrlParser</Filter>
    </ClCompile>
  </ItemGroup>
  <ItemGroup>
    <QtMoc Include="FileDownloader.h">
      <Filter>Utils\FileDownloader</Filter>
    </QtMoc>
    <QtMoc Include="WordUrlParser.h">
      <Filter>Utils\WordUrlParser</Filter>
    </QtMoc>
  </ItemGroup>
</Project>